
Microsoft Visual Studio Solution File, Format Version 12.00
# Visual Studio Version 17
VisualStudioVersion = 17.12.35527.113
MinimumVisualStudioVersion = 10.0.40219.1
Project("{FAE04EC0-301F-11D3-BF4B-00C04F79EFBC}") = "Crolow.FastDico", "Crolow.FastDico\Crolow.FastDico.csproj", "{D3967F65-FDE7-4D01-99FD-0922BB61F326}"
EndProject
Project("{2150E333-8FDC-42A3-9474-1A3956D46DE8}") = "Extra", "Extra", "{79DAC9A0-5951-48EB-8940-CF7B82D52EA8}"
	ProjectSection(SolutionItems) = preProject
		gaddag_fr.gz = gaddag_fr.gz
		ODS9-complet.txt = ODS9-complet.txt
		README.md = README.md
	EndProjectSection
EndProject
Project("{FAE04EC0-301F-11D3-BF4B-00C04F79EFBC}") = "Crolow.TopMachine", "Crolow.TopMachine\Crolow.TopMachine.csproj", "{3754B897-9C07-4D40-B1C9-1B51946189DC}"
EndProject
Project("{FAE04EC0-301F-11D3-BF4B-00C04F79EFBC}") = "Crolow.TopMachine.Data", "Crolow.TopMachine.Data\Crolow.TopMachine.Data.csproj", "{6C92E89F-1310-7DBA-E792-7D461A12D5DC}"
EndProject
Project("{FAE04EC0-301F-11D3-BF4B-00C04F79EFBC}") = "Crolow.FastDico.Models", "Crolow.FastDico.Models\Crolow.FastDico.Models.csproj", "{7EC5BB31-BCA0-482F-8270-24F57FC83C96}"
EndProject
Project("{FAE04EC0-301F-11D3-BF4B-00C04F79EFBC}") = "Crolow.TopMachine.Core", "Crolow.TopMachine.Core\Crolow.TopMachine.Core.csproj", "{D331F197-0514-470D-BFB0-75AEBBFB5D62}"
EndProject
Project("{FAE04EC0-301F-11D3-BF4B-00C04F79EFBC}") = "Crolow.FastDico.Console", "Crolow.FastDico.Console\Crolow.FastDico.Console.csproj", "{57E335CA-B770-4CA3-A518-0422187AD859}"
EndProject
Global
	GlobalSection(SolutionConfigurationPlatforms) = preSolution
		Debug|Any CPU = Debug|Any CPU
		Release|Any CPU = Release|Any CPU
	EndGlobalSection
	GlobalSection(ProjectConfigurationPlatforms) = postSolution
		{D3967F65-FDE7-4D01-99FD-0922BB61F326}.Debug|Any CPU.ActiveCfg = Debug|Any CPU
		{D3967F65-FDE7-4D01-99FD-0922BB61F326}.Debug|Any CPU.Build.0 = Debug|Any CPU
		{D3967F65-FDE7-4D01-99FD-0922BB61F326}.Release|Any CPU.ActiveCfg = Release|Any CPU
		{D3967F65-FDE7-4D01-99FD-0922BB61F326}.Release|Any CPU.Build.0 = Release|Any CPU
		{3754B897-9C07-4D40-B1C9-1B51946189DC}.Debug|Any CPU.ActiveCfg = Debug|Any CPU
		{3754B897-9C07-4D40-B1C9-1B51946189DC}.Release|Any CPU.ActiveCfg = Release|Any CPU
		{3754B897-9C07-4D40-B1C9-1B51946189DC}.Release|Any CPU.Build.0 = Release|Any CPU
		{6C92E89F-1310-7DBA-E792-7D461A12D5DC}.Debug|Any CPU.ActiveCfg = Debug|Any CPU
		{6C92E89F-1310-7DBA-E792-7D461A12D5DC}.Debug|Any CPU.Build.0 = Debug|Any CPU
		{6C92E89F-1310-7DBA-E792-7D461A12D5DC}.Release|Any CPU.ActiveCfg = Release|Any CPU
		{6C92E89F-1310-7DBA-E792-7D461A12D5DC}.Release|Any CPU.Build.0 = Release|Any CPU
		{7EC5BB31-BCA0-482F-8270-24F57FC83C96}.Debug|Any CPU.ActiveCfg = Debug|Any CPU
		{7EC5BB31-BCA0-482F-8270-24F57FC83C96}.Debug|Any CPU.Build.0 = Debug|Any CPU
		{7EC5BB31-BCA0-482F-8270-24F57FC83C96}.Release|Any CPU.ActiveCfg = Release|Any CPU
		{7EC5BB31-BCA0-482F-8270-24F57FC83C96}.Release|Any CPU.Build.0 = Release|Any CPU
		{D331F197-0514-470D-BFB0-75AEBBFB5D62}.Debug|Any CPU.ActiveCfg = Debug|Any CPU
		{D331F197-0514-470D-BFB0-75AEBBFB5D62}.Debug|Any CPU.Build.0 = Debug|Any CPU
		{D331F197-0514-470D-BFB0-75AEBBFB5D62}.Release|Any CPU.ActiveCfg = Release|Any CPU
		{D331F197-0514-470D-BFB0-75AEBBFB5D62}.Release|Any CPU.Build.0 = Release|Any CPU
		{57E335CA-B770-4CA3-A518-0422187AD859}.Debug|Any CPU.ActiveCfg = Debug|Any CPU
		{57E335CA-B770-4CA3-A518-0422187AD859}.Debug|Any CPU.Build.0 = Debug|Any CPU
		{57E335CA-B770-4CA3-A518-0422187AD859}.Release|Any CPU.ActiveCfg = Release|Any CPU
		{57E335CA-B770-4CA3-A518-0422187AD859}.Release|Any CPU.Build.0 = Release|Any CPU
	EndGlobalSection
	GlobalSection(SolutionProperties) = preSolution
		HideSolutionNode = FALSE
	EndGlobalSection
	GlobalSection(ExtensibilityGlobals) = postSolution
		SolutionGuid = {D22E2F87-D845-47DE-9A40-30442D105CBC}
	EndGlobalSection
EndGlobal
